// !$*UTF8*$!
{
	archiveVersion = 1;
	classes = {
	};
	objectVersion = 55;
	objects = {

/* Begin PBXBuildFile section */
		AC027821E60BF6FF36CD3AFE /* Pods_Parstagram_IOS.framework in Frameworks */ = {isa = PBXBuildFile; fileRef = ADA69C20D7C4F3F6C2BD15C5 /* Pods_Parstagram_IOS.framework */; };
		B4143E42A7FD2043A2F52960 /* Pods_Parstagram_IOS_Parstagram_IOSUITests.framework in Frameworks */ = {isa = PBXBuildFile; fileRef = 653EAEBC055F342792F257E1 /* Pods_Parstagram_IOS_Parstagram_IOSUITests.framework */; };
		D8222E4280AAB522783507D7 /* Pods_Parstagram_IOSTests.framework in Frameworks */ = {isa = PBXBuildFile; fileRef = 7E82B1651853F294AF168FD8 /* Pods_Parstagram_IOSTests.framework */; };
		EB3EE2E227EE4431005A1DC2 /* LoginViewController.swift in Sources */ = {isa = PBXBuildFile; fileRef = EB3EE2E127EE4431005A1DC2 /* LoginViewController.swift */; };
		EB3EE2E427EE4451005A1DC2 /* FeedViewController.swift in Sources */ = {isa = PBXBuildFile; fileRef = EB3EE2E327EE4451005A1DC2 /* FeedViewController.swift */; };
		EB3EE2E627EE66EE005A1DC2 /* CameraViewController.swift in Sources */ = {isa = PBXBuildFile; fileRef = EB3EE2E527EE66EE005A1DC2 /* CameraViewController.swift */; };
		EB3EE2E827EE94A6005A1DC2 /* PostCell.swift in Sources */ = {isa = PBXBuildFile; fileRef = EB3EE2E727EE94A6005A1DC2 /* PostCell.swift */; };
		EB9FB2E027ED460100D37210 /* AppDelegate.swift in Sources */ = {isa = PBXBuildFile; fileRef = EB9FB2DF27ED460100D37210 /* AppDelegate.swift */; };
		EB9FB2E227ED460100D37210 /* SceneDelegate.swift in Sources */ = {isa = PBXBuildFile; fileRef = EB9FB2E127ED460100D37210 /* SceneDelegate.swift */; };
		EB9FB2E727ED460100D37210 /* Main.storyboard in Resources */ = {isa = PBXBuildFile; fileRef = EB9FB2E527ED460100D37210 /* Main.storyboard */; };
		EB9FB2E927ED460200D37210 /* Assets.xcassets in Resources */ = {isa = PBXBuildFile; fileRef = EB9FB2E827ED460200D37210 /* Assets.xcassets */; };
		EB9FB2EC27ED460200D37210 /* LaunchScreen.storyboard in Resources */ = {isa = PBXBuildFile; fileRef = EB9FB2EA27ED460200D37210 /* LaunchScreen.storyboard */; };
		EB9FB2F727ED460200D37210 /* Parstagram_IOSTests.swift in Sources */ = {isa = PBXBuildFile; fileRef = EB9FB2F627ED460200D37210 /* Parstagram_IOSTests.swift */; };
		EB9FB30127ED460200D37210 /* Parstagram_IOSUITests.swift in Sources */ = {isa = PBXBuildFile; fileRef = EB9FB30027ED460200D37210 /* Parstagram_IOSUITests.swift */; };
		EB9FB30327ED460200D37210 /* Parstagram_IOSUITestsLaunchTests.swift in Sources */ = {isa = PBXBuildFile; fileRef = EB9FB30227ED460200D37210 /* Parstagram_IOSUITestsLaunchTests.swift */; };
		EBB79FAB27F79A4A00F9A1F3 /* CommentCell.swift in Sources */ = {isa = PBXBuildFile; fileRef = EBB79FAA27F79A4A00F9A1F3 /* CommentCell.swift */; };
/* End PBXBuildFile section */

/* Begin PBXContainerItemProxy section */
		EB9FB2F327ED460200D37210 /* PBXContainerItemProxy */ = {
			isa = PBXContainerItemProxy;
			containerPortal = EB9FB2D427ED460100D37210 /* Project object */;
			proxyType = 1;
			remoteGlobalIDString = EB9FB2DB27ED460100D37210;
			remoteInfo = Parstagram_IOS;
		};
		EB9FB2FD27ED460200D37210 /* PBXContainerItemProxy */ = {
			isa = PBXContainerItemProxy;
			containerPortal = EB9FB2D427ED460100D37210 /* Project object */;
			proxyType = 1;
			remoteGlobalIDString = EB9FB2DB27ED460100D37210;
			remoteInfo = Parstagram_IOS;
		};
/* End PBXContainerItemProxy section */

/* Begin PBXFileReference section */
		11C3AD67AF610A9A1918FFC9 /* Pods-Parstagram_IOS-Parstagram_IOSUITests.release.xcconfig */ = {isa = PBXFileReference; includeInIndex = 1; lastKnownFileType = text.xcconfig; name = "Pods-Parstagram_IOS-Parstagram_IOSUITests.release.xcconfig"; path = "Target Support Files/Pods-Parstagram_IOS-Parstagram_IOSUITests/Pods-Parstagram_IOS-Parstagram_IOSUITests.release.xcconfig"; sourceTree = "<group>"; };
		6485557CEF6B226125EA9577 /* Pods-Parstagram_IOS-Parstagram_IOSUITests.debug.xcconfig */ = {isa = PBXFileReference; includeInIndex = 1; lastKnownFileType = text.xcconfig; name = "Pods-Parstagram_IOS-Parstagram_IOSUITests.debug.xcconfig"; path = "Target Support Files/Pods-Parstagram_IOS-Parstagram_IOSUITests/Pods-Parstagram_IOS-Parstagram_IOSUITests.debug.xcconfig"; sourceTree = "<group>"; };
		653EAEBC055F342792F257E1 /* Pods_Parstagram_IOS_Parstagram_IOSUITests.framework */ = {isa = PBXFileReference; explicitFileType = wrapper.framework; includeInIndex = 0; path = Pods_Parstagram_IOS_Parstagram_IOSUITests.framework; sourceTree = BUILT_PRODUCTS_DIR; };
		7D2A85480EE58AE92EC69E0A /* Pods-Parstagram_IOS.debug.xcconfig */ = {isa = PBXFileReference; includeInIndex = 1; lastKnownFileType = text.xcconfig; name = "Pods-Parstagram_IOS.debug.xcconfig"; path = "Target Support Files/Pods-Parstagram_IOS/Pods-Parstagram_IOS.debug.xcconfig"; sourceTree = "<group>"; };
		7E82B1651853F294AF168FD8 /* Pods_Parstagram_IOSTests.framework */ = {isa = PBXFileReference; explicitFileType = wrapper.framework; includeInIndex = 0; path = Pods_Parstagram_IOSTests.framework; sourceTree = BUILT_PRODUCTS_DIR; };
		8F857D141E52BBF06E0FFC59 /* Pods-Parstagram_IOS.release.xcconfig */ = {isa = PBXFileReference; includeInIndex = 1; lastKnownFileType = text.xcconfig; name = "Pods-Parstagram_IOS.release.xcconfig"; path = "Target Support Files/Pods-Parstagram_IOS/Pods-Parstagram_IOS.release.xcconfig"; sourceTree = "<group>"; };
		A4FE971F97A29C2ED2F3C3FD /* Pods-Parstagram_IOSTests.debug.xcconfig */ = {isa = PBXFileReference; includeInIndex = 1; lastKnownFileType = text.xcconfig; name = "Pods-Parstagram_IOSTests.debug.xcconfig"; path = "Target Support Files/Pods-Parstagram_IOSTests/Pods-Parstagram_IOSTests.debug.xcconfig"; sourceTree = "<group>"; };
		ADA69C20D7C4F3F6C2BD15C5 /* Pods_Parstagram_IOS.framework */ = {isa = PBXFileReference; explicitFileType = wrapper.framework; includeInIndex = 0; path = Pods_Parstagram_IOS.framework; sourceTree = BUILT_PRODUCTS_DIR; };
		CC0A7C998C8FD671800352E1 /* Pods-Parstagram_IOSTests.release.xcconfig */ = {isa = PBXFileReference; includeInIndex = 1; lastKnownFileType = text.xcconfig; name = "Pods-Parstagram_IOSTests.release.xcconfig"; path = "Target Support Files/Pods-Parstagram_IOSTests/Pods-Parstagram_IOSTests.release.xcconfig"; sourceTree = "<group>"; };
		EB3EE2E127EE4431005A1DC2 /* LoginViewController.swift */ = {isa = PBXFileReference; lastKnownFileType = sourcecode.swift; path = LoginViewController.swift; sourceTree = "<group>"; };
		EB3EE2E327EE4451005A1DC2 /* FeedViewController.swift */ = {isa = PBXFileReference; lastKnownFileType = sourcecode.swift; path = FeedViewController.swift; sourceTree = "<group>"; };
		EB3EE2E527EE66EE005A1DC2 /* CameraViewController.swift */ = {isa = PBXFileReference; lastKnownFileType = sourcecode.swift; path = CameraViewController.swift; sourceTree = "<group>"; };
		EB3EE2E727EE94A6005A1DC2 /* PostCell.swift */ = {isa = PBXFileReference; lastKnownFileType = sourcecode.swift; path = PostCell.swift; sourceTree = "<group>"; };
		EB9FB2DC27ED460100D37210 /* Parstagram_IOS.app */ = {isa = PBXFileReference; explicitFileType = wrapper.application; includeInIndex = 0; path = Parstagram_IOS.app; sourceTree = BUILT_PRODUCTS_DIR; };
		EB9FB2DF27ED460100D37210 /* AppDelegate.swift */ = {isa = PBXFileReference; lastKnownFileType = sourcecode.swift; path = AppDelegate.swift; sourceTree = "<group>"; };
		EB9FB2E127ED460100D37210 /* SceneDelegate.swift */ = {isa = PBXFileReference; lastKnownFileType = sourcecode.swift; path = SceneDelegate.swift; sourceTree = "<group>"; };
		EB9FB2E627ED460100D37210 /* Base */ = {isa = PBXFileReference; lastKnownFileType = file.storyboard; name = Base; path = Base.lproj/Main.storyboard; sourceTree = "<group>"; };
		EB9FB2E827ED460200D37210 /* Assets.xcassets */ = {isa = PBXFileReference; lastKnownFileType = folder.assetcatalog; path = Assets.xcassets; sourceTree = "<group>"; };
		EB9FB2EB27ED460200D37210 /* Base */ = {isa = PBXFileReference; lastKnownFileType = file.storyboard; name = Base; path = Base.lproj/LaunchScreen.storyboard; sourceTree = "<group>"; };
		EB9FB2ED27ED460200D37210 /* Info.plist */ = {isa = PBXFileReference; lastKnownFileType = text.plist.xml; path = Info.plist; sourceTree = "<group>"; };
		EB9FB2F227ED460200D37210 /* Parstagram_IOSTests.xctest */ = {isa = PBXFileReference; explicitFileType = wrapper.cfbundle; includeInIndex = 0; path = Parstagram_IOSTests.xctest; sourceTree = BUILT_PRODUCTS_DIR; };
		EB9FB2F627ED460200D37210 /* Parstagram_IOSTests.swift */ = {isa = PBXFileReference; lastKnownFileType = sourcecode.swift; path = Parstagram_IOSTests.swift; sourceTree = "<group>"; };
		EB9FB2FC27ED460200D37210 /* Parstagram_IOSUITests.xctest */ = {isa = PBXFileReference; explicitFileType = wrapper.cfbundle; includeInIndex = 0; path = Parstagram_IOSUITests.xctest; sourceTree = BUILT_PRODUCTS_DIR; };
		EB9FB30027ED460200D37210 /* Parstagram_IOSUITests.swift */ = {isa = PBXFileReference; lastKnownFileType = sourcecode.swift; path = Parstagram_IOSUITests.swift; sourceTree = "<group>"; };
		EB9FB30227ED460200D37210 /* Parstagram_IOSUITestsLaunchTests.swift */ = {isa = PBXFileReference; lastKnownFileType = sourcecode.swift; path = Parstagram_IOSUITestsLaunchTests.swift; sourceTree = "<group>"; };
		EBB79FAA27F79A4A00F9A1F3 /* CommentCell.swift */ = {isa = PBXFileReference; lastKnownFileType = sourcecode.swift; path = CommentCell.swift; sourceTree = "<group>"; };
/* End PBXFileReference section */

/* Begin PBXFrameworksBuildPhase section */
		EB9FB2D927ED460100D37210 /* Frameworks */ = {
			isa = PBXFrameworksBuildPhase;
			buildActionMask = 2147483647;
			files = (
				AC027821E60BF6FF36CD3AFE /* Pods_Parstagram_IOS.framework in Frameworks */,
			);
			runOnlyForDeploymentPostprocessing = 0;
		};
		EB9FB2EF27ED460200D37210 /* Frameworks */ = {
			isa = PBXFrameworksBuildPhase;
			buildActionMask = 2147483647;
			files = (
				D8222E4280AAB522783507D7 /* Pods_Parstagram_IOSTests.framework in Frameworks */,
			);
			runOnlyForDeploymentPostprocessing = 0;
		};
		EB9FB2F927ED460200D37210 /* Frameworks */ = {
			isa = PBXFrameworksBuildPhase;
			buildActionMask = 2147483647;
			files = (
				B4143E42A7FD2043A2F52960 /* Pods_Parstagram_IOS_Parstagram_IOSUITests.framework in Frameworks */,
			);
			runOnlyForDeploymentPostprocessing = 0;
		};
/* End PBXFrameworksBuildPhase section */

/* Begin PBXGroup section */
		4F73A8ACB911EC2CFC9ED3CB /* Pods */ = {
			isa = PBXGroup;
			children = (
				7D2A85480EE58AE92EC69E0A /* Pods-Parstagram_IOS.debug.xcconfig */,
				8F857D141E52BBF06E0FFC59 /* Pods-Parstagram_IOS.release.xcconfig */,
				6485557CEF6B226125EA9577 /* Pods-Parstagram_IOS-Parstagram_IOSUITests.debug.xcconfig */,
				11C3AD67AF610A9A1918FFC9 /* Pods-Parstagram_IOS-Parstagram_IOSUITests.release.xcconfig */,
				A4FE971F97A29C2ED2F3C3FD /* Pods-Parstagram_IOSTests.debug.xcconfig */,
				CC0A7C998C8FD671800352E1 /* Pods-Parstagram_IOSTests.release.xcconfig */,
			);
			path = Pods;
			sourceTree = "<group>";
		};
		EB9FB2D327ED460100D37210 = {
			isa = PBXGroup;
			children = (
				EB9FB2DE27ED460100D37210 /* Parstagram_IOS */,
				EB9FB2F527ED460200D37210 /* Parstagram_IOSTests */,
				EB9FB2FF27ED460200D37210 /* Parstagram_IOSUITests */,
				EB9FB2DD27ED460100D37210 /* Products */,
				4F73A8ACB911EC2CFC9ED3CB /* Pods */,
				F53214259619339D3D5378A1 /* Frameworks */,
			);
			sourceTree = "<group>";
		};
		EB9FB2DD27ED460100D37210 /* Products */ = {
			isa = PBXGroup;
			children = (
				EB9FB2DC27ED460100D37210 /* Parstagram_IOS.app */,
				EB9FB2F227ED460200D37210 /* Parstagram_IOSTests.xctest */,
				EB9FB2FC27ED460200D37210 /* Parstagram_IOSUITests.xctest */,
			);
			name = Products;
			sourceTree = "<group>";
		};
		EB9FB2DE27ED460100D37210 /* Parstagram_IOS */ = {
			isa = PBXGroup;
			children = (
				EB9FB2DF27ED460100D37210 /* AppDelegate.swift */,
				EB9FB2E127ED460100D37210 /* SceneDelegate.swift */,
				EB9FB2E527ED460100D37210 /* Main.storyboard */,
				EB3EE2E727EE94A6005A1DC2 /* PostCell.swift */,
				EB3EE2E127EE4431005A1DC2 /* LoginViewController.swift */,
				EB3EE2E527EE66EE005A1DC2 /* CameraViewController.swift */,
				EB3EE2E327EE4451005A1DC2 /* FeedViewController.swift */,
				EBB79FAA27F79A4A00F9A1F3 /* CommentCell.swift */,
				EB9FB2E827ED460200D37210 /* Assets.xcassets */,
				EB9FB2EA27ED460200D37210 /* LaunchScreen.storyboard */,
				EB9FB2ED27ED460200D37210 /* Info.plist */,
			);
			path = Parstagram_IOS;
			sourceTree = "<group>";
		};
		EB9FB2F527ED460200D37210 /* Parstagram_IOSTests */ = {
			isa = PBXGroup;
			children = (
				EB9FB2F627ED460200D37210 /* Parstagram_IOSTests.swift */,
			);
			path = Parstagram_IOSTests;
			sourceTree = "<group>";
		};
		EB9FB2FF27ED460200D37210 /* Parstagram_IOSUITests */ = {
			isa = PBXGroup;
			children = (
				EB9FB30027ED460200D37210 /* Parstagram_IOSUITests.swift */,
				EB9FB30227ED460200D37210 /* Parstagram_IOSUITestsLaunchTests.swift */,
			);
			path = Parstagram_IOSUITests;
			sourceTree = "<group>";
		};
		F53214259619339D3D5378A1 /* Frameworks */ = {
			isa = PBXGroup;
			children = (
				ADA69C20D7C4F3F6C2BD15C5 /* Pods_Parstagram_IOS.framework */,
				653EAEBC055F342792F257E1 /* Pods_Parstagram_IOS_Parstagram_IOSUITests.framework */,
				7E82B1651853F294AF168FD8 /* Pods_Parstagram_IOSTests.framework */,
			);
			name = Frameworks;
			sourceTree = "<group>";
		};
/* End PBXGroup section */

/* Begin PBXNativeTarget section */
		EB9FB2DB27ED460100D37210 /* Parstagram_IOS */ = {
			isa = PBXNativeTarget;
			buildConfigurationList = EB9FB30627ED460200D37210 /* Build configuration list for PBXNativeTarget "Parstagram_IOS" */;
			buildPhases = (
				14CFD55ED74F880675034132 /* [CP] Check Pods Manifest.lock */,
				EB9FB2D827ED460100D37210 /* Sources */,
				EB9FB2D927ED460100D37210 /* Frameworks */,
				EB9FB2DA27ED460100D37210 /* Resources */,
				24B03BB3DF3DE87ACF6B9E78 /* [CP] Embed Pods Frameworks */,
			);
			buildRules = (
			);
			dependencies = (
			);
			name = Parstagram_IOS;
			productName = Parstagram_IOS;
			productReference = EB9FB2DC27ED460100D37210 /* Parstagram_IOS.app */;
			productType = "com.apple.product-type.application";
		};
		EB9FB2F127ED460200D37210 /* Parstagram_IOSTests */ = {
			isa = PBXNativeTarget;
			buildConfigurationList = EB9FB30927ED460200D37210 /* Build configuration list for PBXNativeTarget "Parstagram_IOSTests" */;
			buildPhases = (
				AB052619824035B2F6F0CEDA /* [CP] Check Pods Manifest.lock */,
				EB9FB2EE27ED460200D37210 /* Sources */,
				EB9FB2EF27ED460200D37210 /* Frameworks */,
				EB9FB2F027ED460200D37210 /* Resources */,
			);
			buildRules = (
			);
			dependencies = (
				EB9FB2F427ED460200D37210 /* PBXTargetDependency */,
			);
			name = Parstagram_IOSTests;
			productName = Parstagram_IOSTests;
			productReference = EB9FB2F227ED460200D37210 /* Parstagram_IOSTests.xctest */;
			productType = "com.apple.product-type.bundle.unit-test";
		};
		EB9FB2FB27ED460200D37210 /* Parstagram_IOSUITests */ = {
			isa = PBXNativeTarget;
			buildConfigurationList = EB9FB30C27ED460200D37210 /* Build configuration list for PBXNativeTarget "Parstagram_IOSUITests" */;
			buildPhases = (
				D7183FF034A1A8F744537CCD /* [CP] Check Pods Manifest.lock */,
				EB9FB2F827ED460200D37210 /* Sources */,
				EB9FB2F927ED460200D37210 /* Frameworks */,
				EB9FB2FA27ED460200D37210 /* Resources */,
				5F439024810D772461DD48B8 /* [CP] Embed Pods Frameworks */,
			);
			buildRules = (
			);
			dependencies = (
				EB9FB2FE27ED460200D37210 /* PBXTargetDependency */,
			);
			name = Parstagram_IOSUITests;
			productName = Parstagram_IOSUITests;
			productReference = EB9FB2FC27ED460200D37210 /* Parstagram_IOSUITests.xctest */;
			productType = "com.apple.product-type.bundle.ui-testing";
		};
/* End PBXNativeTarget section */

/* Begin PBXProject section */
		EB9FB2D427ED460100D37210 /* Project object */ = {
			isa = PBXProject;
			attributes = {
				BuildIndependentTargetsInParallel = 1;
				LastSwiftUpdateCheck = 1320;
				LastUpgradeCheck = 1320;
				TargetAttributes = {
					EB9FB2DB27ED460100D37210 = {
						CreatedOnToolsVersion = 13.2.1;
					};
					EB9FB2F127ED460200D37210 = {
						CreatedOnToolsVersion = 13.2.1;
						TestTargetID = EB9FB2DB27ED460100D37210;
					};
					EB9FB2FB27ED460200D37210 = {
						CreatedOnToolsVersion = 13.2.1;
						TestTargetID = EB9FB2DB27ED460100D37210;
					};
				};
			};
			buildConfigurationList = EB9FB2D727ED460100D37210 /* Build configuration list for PBXProject "Parstagram_IOS" */;
			compatibilityVersion = "Xcode 13.0";
			developmentRegion = en;
			hasScannedForEncodings = 0;
			knownRegions = (
				en,
				Base,
			);
			mainGroup = EB9FB2D327ED460100D37210;
			productRefGroup = EB9FB2DD27ED460100D37210 /* Products */;
			projectDirPath = "";
			projectRoot = "";
			targets = (
				EB9FB2DB27ED460100D37210 /* Parstagram_IOS */,
				EB9FB2F127ED460200D37210 /* Parstagram_IOSTests */,
				EB9FB2FB27ED460200D37210 /* Parstagram_IOSUITests */,
			);
		};
/* End PBXProject section */

/* Begin PBXResourcesBuildPhase section */
		EB9FB2DA27ED460100D37210 /* Resources */ = {
			isa = PBXResourcesBuildPhase;
			buildActionMask = 2147483647;
			files = (
				EB9FB2EC27ED460200D37210 /* LaunchScreen.storyboard in Resources */,
				EB9FB2E927ED460200D37210 /* Assets.xcassets in Resources */,
				EB9FB2E727ED460100D37210 /* Main.storyboard in Resources */,
			);
			runOnlyForDeploymentPostprocessing = 0;
		};
		EB9FB2F027ED460200D37210 /* Resources */ = {
			isa = PBXResourcesBuildPhase;
			buildActionMask = 2147483647;
			files = (
			);
			runOnlyForDeploymentPostprocessing = 0;
		};
		EB9FB2FA27ED460200D37210 /* Resources */ = {
			isa = PBXResourcesBuildPhase;
			buildActionMask = 2147483647;
			files = (
			);
			runOnlyForDeploymentPostprocessing = 0;
		};
/* End PBXResourcesBuildPhase section */

/* Begin PBXShellScriptBuildPhase section */
		14CFD55ED74F880675034132 /* [CP] Check Pods Manifest.lock */ = {
			isa = PBXShellScriptBuildPhase;
			buildActionMask = 2147483647;
			files = (
			);
			inputFileListPaths = (
			);
			inputPaths = (
				"${PODS_PODFILE_DIR_PATH}/Podfile.lock",
				"${PODS_ROOT}/Manifest.lock",
			);
			name = "[CP] Check Pods Manifest.lock";
			outputFileListPaths = (
			);
			outputPaths = (
				"$(DERIVED_FILE_DIR)/Pods-Parstagram_IOS-checkManifestLockResult.txt",
			);
			runOnlyForDeploymentPostprocessing = 0;
			shellPath = /bin/sh;
			shellScript = "diff \"${PODS_PODFILE_DIR_PATH}/Podfile.lock\" \"${PODS_ROOT}/Manifest.lock\" > /dev/null\nif [ $? != 0 ] ; then\n    # print error to STDERR\n    echo \"error: The sandbox is not in sync with the Podfile.lock. Run 'pod install' or update your CocoaPods installation.\" >&2\n    exit 1\nfi\n# This output is used by Xcode 'outputs' to avoid re-running this script phase.\necho \"SUCCESS\" > \"${SCRIPT_OUTPUT_FILE_0}\"\n";
			showEnvVarsInLog = 0;
		};
		24B03BB3DF3DE87ACF6B9E78 /* [CP] Embed Pods Frameworks */ = {
			isa = PBXShellScriptBuildPhase;
			buildActionMask = 2147483647;
			files = (
			);
			inputFileListPaths = (
				"${PODS_ROOT}/Target Support Files/Pods-Parstagram_IOS/Pods-Parstagram_IOS-frameworks-${CONFIGURATION}-input-files.xcfilelist",
			);
			name = "[CP] Embed Pods Frameworks";
			outputFileListPaths = (
				"${PODS_ROOT}/Target Support Files/Pods-Parstagram_IOS/Pods-Parstagram_IOS-frameworks-${CONFIGURATION}-output-files.xcfilelist",
			);
			runOnlyForDeploymentPostprocessing = 0;
			shellPath = /bin/sh;
			shellScript = "\"${PODS_ROOT}/Target Support Files/Pods-Parstagram_IOS/Pods-Parstagram_IOS-frameworks.sh\"\n";
			showEnvVarsInLog = 0;
		};
		5F439024810D772461DD48B8 /* [CP] Embed Pods Frameworks */ = {
			isa = PBXShellScriptBuildPhase;
			buildActionMask = 2147483647;
			files = (
			);
			inputFileListPaths = (
				"${PODS_ROOT}/Target Support Files/Pods-Parstagram_IOS-Parstagram_IOSUITests/Pods-Parstagram_IOS-Parstagram_IOSUITests-frameworks-${CONFIGURATION}-input-files.xcfilelist",
			);
			name = "[CP] Embed Pods Frameworks";
			outputFileListPaths = (
				"${PODS_ROOT}/Target Support Files/Pods-Parstagram_IOS-Parstagram_IOSUITests/Pods-Parstagram_IOS-Parstagram_IOSUITests-frameworks-${CONFIGURATION}-output-files.xcfilelist",
			);
			runOnlyForDeploymentPostprocessing = 0;
			shellPath = /bin/sh;
			shellScript = "\"${PODS_ROOT}/Target Support Files/Pods-Parstagram_IOS-Parstagram_IOSUITests/Pods-Parstagram_IOS-Parstagram_IOSUITests-frameworks.sh\"\n";
			showEnvVarsInLog = 0;
		};
		AB052619824035B2F6F0CEDA /* [CP] Check Pods Manifest.lock */ = {
			isa = PBXShellScriptBuildPhase;
			buildActionMask = 2147483647;
			files = (
			);
			inputFileListPaths = (
			);
			inputPaths = (
				"${PODS_PODFILE_DIR_PATH}/Podfile.lock",
				"${PODS_ROOT}/Manifest.lock",
			);
			name = "[CP] Check Pods Manifest.lock";
			outputFileListPaths = (
			);
			outputPaths = (
				"$(DERIVED_FILE_DIR)/Pods-Parstagram_IOSTests-checkManifestLockResult.txt",
			);
			runOnlyForDeploymentPostprocessing = 0;
			shellPath = /bin/sh;
			shellScript = "diff \"${PODS_PODFILE_DIR_PATH}/Podfile.lock\" \"${PODS_ROOT}/Manifest.lock\" > /dev/null\nif [ $? != 0 ] ; then\n    # print error to STDERR\n    echo \"error: The sandbox is not in sync with the Podfile.lock. Run 'pod install' or update your CocoaPods installation.\" >&2\n    exit 1\nfi\n# This output is used by Xcode 'outputs' to avoid re-running this script phase.\necho \"SUCCESS\" > \"${SCRIPT_OUTPUT_FILE_0}\"\n";
			showEnvVarsInLog = 0;
		};
		D7183FF034A1A8F744537CCD /* [CP] Check Pods Manifest.lock */ = {
			isa = PBXShellScriptBuildPhase;
			buildActionMask = 2147483647;
			files = (
			);
			inputFileListPaths = (
			);
			inputPaths = (
				"${PODS_PODFILE_DIR_PATH}/Podfile.lock",
				"${PODS_ROOT}/Manifest.lock",
			);
			name = "[CP] Check Pods Manifest.lock";
			outputFileListPaths = (
			);
			outputPaths = (
				"$(DERIVED_FILE_DIR)/Pods-Parstagram_IOS-Parstagram_IOSUITests-checkManifestLockResult.txt",
			);
			runOnlyForDeploymentPostprocessing = 0;
			shellPath = /bin/sh;
			shellScript = "diff \"${PODS_PODFILE_DIR_PATH}/Podfile.lock\" \"${PODS_ROOT}/Manifest.lock\" > /dev/null\nif [ $? != 0 ] ; then\n    # print error to STDERR\n    echo \"error: The sandbox is not in sync with the Podfile.lock. Run 'pod install' or update your CocoaPods installation.\" >&2\n    exit 1\nfi\n# This output is used by Xcode 'outputs' to avoid re-running this script phase.\necho \"SUCCESS\" > \"${SCRIPT_OUTPUT_FILE_0}\"\n";
			showEnvVarsInLog = 0;
		};
/* End PBXShellScriptBuildPhase section */

/* Begin PBXSourcesBuildPhase section */
		EB9FB2D827ED460100D37210 /* Sources */ = {
			isa = PBXSourcesBuildPhase;
			buildActionMask = 2147483647;
			files = (
				EB3EE2E227EE4431005A1DC2 /* LoginViewController.swift in Sources */,
				EB3EE2E627EE66EE005A1DC2 /* CameraViewController.swift in Sources */,
				EB9FB2E027ED460100D37210 /* AppDelegate.swift in Sources */,
				EB3EE2E427EE4451005A1DC2 /* FeedViewController.swift in Sources */,
				EB9FB2E227ED460100D37210 /* SceneDelegate.swift in Sources */,
				EB3EE2E827EE94A6005A1DC2 /* PostCell.swift in Sources */,
				EBB79FAB27F79A4A00F9A1F3 /* CommentCell.swift in Sources */,
			);
			runOnlyForDeploymentPostprocessing = 0;
		};
		EB9FB2EE27ED460200D37210 /* Sources */ = {
			isa = PBXSourcesBuildPhase;
			buildActionMask = 2147483647;
			files = (
				EB9FB2F727ED460200D37210 /* Parstagram_IOSTests.swift in Sources */,
			);
			runOnlyForDeploymentPostprocessing = 0;
		};
		EB9FB2F827ED460200D37210 /* Sources */ = {
			isa = PBXSourcesBuildPhase;
			buildActionMask = 2147483647;
			files = (
				EB9FB30327ED460200D37210 /* Parstagram_IOSUITestsLaunchTests.swift in Sources */,
				EB9FB30127ED460200D37210 /* Parstagram_IOSUITests.swift in Sources */,
			);
			runOnlyForDeploymentPostprocessing = 0;
		};
/* End PBXSourcesBuildPhase section */

/* Begin PBXTargetDependency section */
		EB9FB2F427ED460200D37210 /* PBXTargetDependency */ = {
			isa = PBXTargetDependency;
			target = EB9FB2DB27ED460100D37210 /* Parstagram_IOS */;
			targetProxy = EB9FB2F327ED460200D37210 /* PBXContainerItemProxy */;
		};
		EB9FB2FE27ED460200D37210 /* PBXTargetDependency */ = {
			isa = PBXTargetDependency;
			target = EB9FB2DB27ED460100D37210 /* Parstagram_IOS */;
			targetProxy = EB9FB2FD27ED460200D37210 /* PBXContainerItemProxy */;
		};
/* End PBXTargetDependency section */

/* Begin PBXVariantGroup section */
		EB9FB2E527ED460100D37210 /* Main.storyboard */ = {
			isa = PBXVariantGroup;
			children = (
				EB9FB2E627ED460100D37210 /* Base */,
			);
			name = Main.storyboard;
			sourceTree = "<group>";
		};
		EB9FB2EA27ED460200D37210 /* LaunchScreen.storyboard */ = {
			isa = PBXVariantGroup;
			children = (
				EB9FB2EB27ED460200D37210 /* Base */,
			);
			name = LaunchScreen.storyboard;
			sourceTree = "<group>";
		};
/* End PBXVariantGroup section */

/* Begin XCBuildConfiguration section */
		EB9FB30427ED460200D37210 /* Debug */ = {
			isa = XCBuildConfiguration;
			buildSettings = {
				ALWAYS_SEARCH_USER_PATHS = NO;
				CLANG_ANALYZER_NONNULL = YES;
				CLANG_ANALYZER_NUMBER_OBJECT_CONVERSION = YES_AGGRESSIVE;
				CLANG_CXX_LANGUAGE_STANDARD = "gnu++17";
				CLANG_CXX_LIBRARY = "libc++";
				CLANG_ENABLE_MODULES = YES;
				CLANG_ENABLE_OBJC_ARC = YES;
				CLANG_ENABLE_OBJC_WEAK = YES;
				CLANG_WARN_BLOCK_CAPTURE_AUTORELEASING = YES;
				CLANG_WARN_BOOL_CONVERSION = YES;
				CLANG_WARN_COMMA = YES;
				CLANG_WARN_CONSTANT_CONVERSION = YES;
				CLANG_WARN_DEPRECATED_OBJC_IMPLEMENTATIONS = YES;
				CLANG_WARN_DIRECT_OBJC_ISA_USAGE = YES_ERROR;
				CLANG_WARN_DOCUMENTATION_COMMENTS = YES;
				CLANG_WARN_EMPTY_BODY = YES;
				CLANG_WARN_ENUM_CONVERSION = YES;
				CLANG_WARN_INFINITE_RECURSION = YES;
				CLANG_WARN_INT_CONVERSION = YES;
				CLANG_WARN_NON_LITERAL_NULL_CONVERSION = YES;
				CLANG_WARN_OBJC_IMPLICIT_RETAIN_SELF = YES;
				CLANG_WARN_OBJC_LITERAL_CONVERSION = YES;
				CLANG_WARN_OBJC_ROOT_CLASS = YES_ERROR;
				CLANG_WARN_QUOTED_INCLUDE_IN_FRAMEWORK_HEADER = YES;
				CLANG_WARN_RANGE_LOOP_ANALYSIS = YES;
				CLANG_WARN_STRICT_PROTOTYPES = YES;
				CLANG_WARN_SUSPICIOUS_MOVE = YES;
				CLANG_WARN_UNGUARDED_AVAILABILITY = YES_AGGRESSIVE;
				CLANG_WARN_UNREACHABLE_CODE = YES;
				CLANG_WARN__DUPLICATE_METHOD_MATCH = YES;
				COPY_PHASE_STRIP = NO;
				DEBUG_INFORMATION_FORMAT = dwarf;
				ENABLE_STRICT_OBJC_MSGSEND = YES;
				ENABLE_TESTABILITY = YES;
				GCC_C_LANGUAGE_STANDARD = gnu11;
				GCC_DYNAMIC_NO_PIC = NO;
				GCC_NO_COMMON_BLOCKS = YES;
				GCC_OPTIMIZATION_LEVEL = 0;
				GCC_PREPROCESSOR_DEFINITIONS = (
					"DEBUG=1",
					"$(inherited)",
				);
				GCC_WARN_64_TO_32_BIT_CONVERSION = YES;
				GCC_WARN_ABOUT_RETURN_TYPE = YES_ERROR;
				GCC_WARN_UNDECLARED_SELECTOR = YES;
				GCC_WARN_UNINITIALIZED_AUTOS = YES_AGGRESSIVE;
				GCC_WARN_UNUSED_FUNCTION = YES;
				GCC_WARN_UNUSED_VARIABLE = YES;
				IPHONEOS_DEPLOYMENT_TARGET = 15.2;
				MTL_ENABLE_DEBUG_INFO = INCLUDE_SOURCE;
				MTL_FAST_MATH = YES;
				ONLY_ACTIVE_ARCH = YES;
				SDKROOT = iphoneos;
				SWIFT_ACTIVE_COMPILATION_CONDITIONS = DEBUG;
				SWIFT_OPTIMIZATION_LEVEL = "-Onone";
			};
			name = Debug;
		};
		EB9FB30527ED460200D37210 /* Release */ = {
			isa = XCBuildConfiguration;
			buildSettings = {
				ALWAYS_SEARCH_USER_PATHS = NO;
				CLANG_ANALYZER_NONNULL = YES;
				CLANG_ANALYZER_NUMBER_OBJECT_CONVERSION = YES_AGGRESSIVE;
				CLANG_CXX_LANGUAGE_STANDARD = "gnu++17";
				CLANG_CXX_LIBRARY = "libc++";
				CLANG_ENABLE_MODULES = YES;
				CLANG_ENABLE_OBJC_ARC = YES;
				CLANG_ENABLE_OBJC_WEAK = YES;
				CLANG_WARN_BLOCK_CAPTURE_AUTORELEASING = YES;
				CLANG_WARN_BOOL_CONVERSION = YES;
				CLANG_WARN_COMMA = YES;
				CLANG_WARN_CONSTANT_CONVERSION = YES;
				CLANG_WARN_DEPRECATED_OBJC_IMPLEMENTATIONS = YES;
				CLANG_WARN_DIRECT_OBJC_ISA_USAGE = YES_ERROR;
				CLANG_WARN_DOCUMENTATION_COMMENTS = YES;
				CLANG_WARN_EMPTY_BODY = YES;
				CLANG_WARN_ENUM_CONVERSION = YES;
				CLANG_WARN_INFINITE_RECURSION = YES;
				CLANG_WARN_INT_CONVERSION = YES;
				CLANG_WARN_NON_LITERAL_NULL_CONVERSION = YES;
				CLANG_WARN_OBJC_IMPLICIT_RETAIN_SELF = YES;
				CLANG_WARN_OBJC_LITERAL_CONVERSION = YES;
				CLANG_WARN_OBJC_ROOT_CLASS = YES_ERROR;
				CLANG_WARN_QUOTED_INCLUDE_IN_FRAMEWORK_HEADER = YES;
				CLANG_WARN_RANGE_LOOP_ANALYSIS = YES;
				CLANG_WARN_STRICT_PROTOTYPES = YES;
				CLANG_WARN_SUSPICIOUS_MOVE = YES;
				CLANG_WARN_UNGUARDED_AVAILABILITY = YES_AGGRESSIVE;
				CLANG_WARN_UNREACHABLE_CODE = YES;
				CLANG_WARN__DUPLICATE_METHOD_MATCH = YES;
				COPY_PHASE_STRIP = NO;
				DEBUG_INFORMATION_FORMAT = "dwarf-with-dsym";
				ENABLE_NS_ASSERTIONS = NO;
				ENABLE_STRICT_OBJC_MSGSEND = YES;
				GCC_C_LANGUAGE_STANDARD = gnu11;
				GCC_NO_COMMON_BLOCKS = YES;
				GCC_WARN_64_TO_32_BIT_CONVERSION = YES;
				GCC_WARN_ABOUT_RETURN_TYPE = YES_ERROR;
				GCC_WARN_UNDECLARED_SELECTOR = YES;
				GCC_WARN_UNINITIALIZED_AUTOS = YES_AGGRESSIVE;
				GCC_WARN_UNUSED_FUNCTION = YES;
				GCC_WARN_UNUSED_VARIABLE = YES;
				IPHONEOS_DEPLOYMENT_TARGET = 15.2;
				MTL_ENABLE_DEBUG_INFO = NO;
				MTL_FAST_MATH = YES;
				SDKROOT = iphoneos;
				SWIFT_COMPILATION_MODE = wholemodule;
				SWIFT_OPTIMIZATION_LEVEL = "-O";
				VALIDATE_PRODUCT = YES;
			};
			name = Release;
		};
		EB9FB30727ED460200D37210 /* Debug */ = {
			isa = XCBuildConfiguration;
			baseConfigurationReference = 7D2A85480EE58AE92EC69E0A /* Pods-Parstagram_IOS.debug.xcconfig */;
			buildSettings = {
				ASSETCATALOG_COMPILER_APPICON_NAME = AppIcon;
				ASSETCATALOG_COMPILER_GLOBAL_ACCENT_COLOR_NAME = AccentColor;
				CODE_SIGN_STYLE = Automatic;
				CURRENT_PROJECT_VERSION = 1;
				DEVELOPMENT_TEAM = 359U585S8H;
				GENERATE_INFOPLIST_FILE = YES;
				INFOPLIST_FILE = Parstagram_IOS/Info.plist;
				INFOPLIST_KEY_UIApplicationSupportsIndirectInputEvents = YES;
				INFOPLIST_KEY_UILaunchStoryboardName = LaunchScreen;
				INFOPLIST_KEY_UIMainStoryboardFile = Main;
				INFOPLIST_KEY_UISupportedInterfaceOrientations_iPad = "UIInterfaceOrientationPortrait UIInterfaceOrientationPortraitUpsideDown UIInterfaceOrientationLandscapeLeft UIInterfaceOrientationLandscapeRight";
				INFOPLIST_KEY_UISupportedInterfaceOrientations_iPhone = "UIInterfaceOrientationPortrait UIInterfaceOrientationLandscapeLeft UIInterfaceOrientationLandscapeRight";
				LD_RUNPATH_SEARCH_PATHS = (
					"$(inherited)",
					"@executable_path/Frameworks",
				);
				MARKETING_VERSION = 1.0;
				PRODUCT_BUNDLE_IDENTIFIER = "memo.com.Parstagram-IOS";
				PRODUCT_NAME = "$(TARGET_NAME)";
				SWIFT_EMIT_LOC_STRINGS = YES;
				SWIFT_VERSION = 5.0;
				TARGETED_DEVICE_FAMILY = "1,2";
			};
			name = Debug;
		};
		EB9FB30827ED460200D37210 /* Release */ = {
			isa = XCBuildConfiguration;
			baseConfigurationReference = 8F857D141E52BBF06E0FFC59 /* Pods-Parstagram_IOS.release.xcconfig */;
			buildSettings = {
				ASSETCATALOG_COMPILER_APPICON_NAME = AppIcon;
				ASSETCATALOG_COMPILER_GLOBAL_ACCENT_COLOR_NAME = AccentColor;
				CODE_SIGN_STYLE = Automatic;
				CURRENT_PROJECT_VERSION = 1;
				DEVELOPMENT_TEAM = 359U585S8H;
				GENERATE_INFOPLIST_FILE = YES;
				INFOPLIST_FILE = Parstagram_IOS/Info.plist;
				INFOPLIST_KEY_UIApplicationSupportsIndirectInputEvents = YES;
				INFOPLIST_KEY_UILaunchStoryboardName = LaunchScreen;
				INFOPLIST_KEY_UIMainStoryboardFile = Main;
				INFOPLIST_KEY_UISupportedInterfaceOrientations_iPad = "UIInterfaceOrientationPortrait UIInterfaceOrientationPortraitUpsideDown UIInterfaceOrientationLandscapeLeft UIInterfaceOrientationLandscapeRight";
				INFOPLIST_KEY_UISupportedInterfaceOrientations_iPhone = "UIInterfaceOrientationPortrait UIInterfaceOrientationLandscapeLeft UIInterfaceOrientationLandscapeRight";
				LD_RUNPATH_SEARCH_PATHS = (
					"$(inherited)",
					"@executable_path/Frameworks",
				);
				MARKETING_VERSION = 1.0;
				PRODUCT_BUNDLE_IDENTIFIER = "memo.com.Parstagram-IOS";
				PRODUCT_NAME = "$(TARGET_NAME)";
				SWIFT_EMIT_LOC_STRINGS = YES;
				SWIFT_VERSION = 5.0;
				TARGETED_DEVICE_FAMILY = "1,2";
			};
			name = Release;
		};
		EB9FB30A27ED460200D37210 /* Debug */ = {
			isa = XCBuildConfiguration;
			baseConfigurationReference = A4FE971F97A29C2ED2F3C3FD /* Pods-Parstagram_IOSTests.debug.xcconfig */;
			buildSettings = {
				ALWAYS_EMBED_SWIFT_STANDARD_LIBRARIES = YES;
				BUNDLE_LOADER = "$(TEST_HOST)";
				CODE_SIGN_STYLE = Automatic;
				CURRENT_PROJECT_VERSION = 1;
				DEVELOPMENT_TEAM = 359U585S8H;
				GENERATE_INFOPLIST_FILE = YES;
				IPHONEOS_DEPLOYMENT_TARGET = 15.2;
				MARKETING_VERSION = 1.0;
				PRODUCT_BUNDLE_IDENTIFIER = "memo.com.Parstagram-IOSTests";
				PRODUCT_NAME = "$(TARGET_NAME)";
				SWIFT_EMIT_LOC_STRINGS = NO;
				SWIFT_VERSION = 5.0;
				TARGETED_DEVICE_FAMILY = "1,2";
				TEST_HOST = "$(BUILT_PRODUCTS_DIR)/Parstagram_IOS.app/Parstagram_IOS";
			};
			name = Debug;
		};
		EB9FB30B27ED460200D37210 /* Release */ = {
			isa = XCBuildConfiguration;
			baseConfigurationReference = CC0A7C998C8FD671800352E1 /* Pods-Parstagram_IOSTests.release.xcconfig */;
			buildSettings = {
				ALWAYS_EMBED_SWIFT_STANDARD_LIBRARIES = YES;
				BUNDLE_LOADER = "$(TEST_HOST)";
				CODE_SIGN_STYLE = Automatic;
				CURRENT_PROJECT_VERSION = 1;
				DEVELOPMENT_TEAM = 359U585S8H;
				GENERATE_INFOPLIST_FILE = YES;
				IPHONEOS_DEPLOYMENT_TARGET = 15.2;
				MARKETING_VERSION = 1.0;
				PRODUCT_BUNDLE_IDENTIFIER = "memo.com.Parstagram-IOSTests";
				PRODUCT_NAME = "$(TARGET_NAME)";
				SWIFT_EMIT_LOC_STRINGS = NO;
				SWIFT_VERSION = 5.0;
				TARGETED_DEVICE_FAMILY = "1,2";
				TEST_HOST = "$(BUILT_PRODUCTS_DIR)/Parstagram_IOS.app/Parstagram_IOS";
			};
			name = Release;
		};
		EB9FB30D27ED460200D37210 /* Debug */ = {
			isa = XCBuildConfiguration;
			baseConfigurationReference = 6485557CEF6B226125EA9577 /* Pods-Parstagram_IOS-Parstagram_IOSUITests.debug.xcconfig */;
			buildSettings = {
				ALWAYS_EMBED_SWIFT_STANDARD_LIBRARIES = YES;
				CODE_SIGN_STYLE = Automatic;
				CURRENT_PROJECT_VERSION = 1;
				DEVELOPMENT_TEAM = 359U585S8H;
				GENERATE_INFOPLIST_FILE = YES;
				MARKETING_VERSION = 1.0;
				PRODUCT_BUNDLE_IDENTIFIER = "memo.com.Parstagram-IOSUITests";
				PRODUCT_NAME = "$(TARGET_NAME)";
				SWIFT_EMIT_LOC_STRINGS = NO;
				SWIFT_VERSION = 5.0;
				TARGETED_DEVICE_FAMILY = "1,2";
				TEST_TARGET_NAME = Parstagram_IOS;
			};
			name = Debug;
		};
		EB9FB30E27ED460200D37210 /* Release */ = {
			isa = XCBuildConfiguration;
			baseConfigurationReference = 11C3AD67AF610A9A1918FFC9 /* Pods-Parstagram_IOS-Parstagram_IOSUITests.release.xcconfig */;
			buildSettings = {
				ALWAYS_EMBED_SWIFT_STANDARD_LIBRARIES = YES;
				CODE_SIGN_STYLE = Automatic;
				CURRENT_PROJECT_VERSION = 1;
				DEVELOPMENT_TEAM = 359U585S8H;
				GENERATE_INFOPLIST_FILE = YES;
				MARKETING_VERSION = 1.0;
				PRODUCT_BUNDLE_IDENTIFIER = "memo.com.Parstagram-IOSUITests";
				PRODUCT_NAME = "$(TARGET_NAME)";
				SWIFT_EMIT_LOC_STRINGS = NO;
				SWIFT_VERSION = 5.0;
				TARGETED_DEVICE_FAMILY = "1,2";
				TEST_TARGET_NAME = Parstagram_IOS;
			};
			name = Release;
		};
/* End XCBuildConfiguration section */

/* Begin XCConfigurationList section */
		EB9FB2D727ED460100D37210 /* Build configuration list for PBXProject "Parstagram_IOS" */ = {
			isa = XCConfigurationList;
			buildConfigurations = (
				EB9FB30427ED460200D37210 /* Debug */,
				EB9FB30527ED460200D37210 /* Release */,
			);
			defaultConfigurationIsVisible = 0;
			defaultConfigurationName = Release;
		};
		EB9FB30627ED460200D37210 /* Build configuration list for PBXNativeTarget "Parstagram_IOS" */ = {
			isa = XCConfigurationList;
			buildConfigurations = (
				EB9FB30727ED460200D37210 /* Debug */,
				EB9FB30827ED460200D37210 /* Release */,
			);
			defaultConfigurationIsVisible = 0;
			defaultConfigurationName = Release;
		};
		EB9FB30927ED460200D37210 /* Build configuration list for PBXNativeTarget "Parstagram_IOSTests" */ = {
			isa = XCConfigurationList;
			buildConfigurations = (
				EB9FB30A27ED460200D37210 /* Debug */,
				EB9FB30B27ED460200D37210 /* Release */,
			);
			defaultConfigurationIsVisible = 0;
			defaultConfigurationName = Release;
		};
		EB9FB30C27ED460200D37210 /* Build configuration list for PBXNativeTarget "Parstagram_IOSUITests" */ = {
			isa = XCConfigurationList;
			buildConfigurations = (
				EB9FB30D27ED460200D37210 /* Debug */,
				EB9FB30E27ED460200D37210 /* Release */,
			);
			defaultConfigurationIsVisible = 0;
			defaultConfigurationName = Release;
		};
/* End XCConfigurationList section */
	};
	rootObject = EB9FB2D427ED460100D37210 /* Project object */;
}
